
Microsoft Visual Studio Solution File, Format Version 12.00
# Visual Studio 14
VisualStudioVersion = 14.0.25420.1
MinimumVisualStudioVersion = 10.0.40219.1
Project("{FAE04EC0-301F-11D3-BF4B-00C04F79EFBC}") = "Sweety.Droid", "Sweety\Sweety.Droid\Sweety.Droid.csproj", "{623CBFF0-3706-4024-82D3-958B1F88363E}"
EndProject
Project("{FAE04EC0-301F-11D3-BF4B-00C04F79EFBC}") = "Sweety.iOS", "Sweety\Sweety.iOS\Sweety.iOS.csproj", "{4BD7F863-E30E-415D-8FAF-FFA75AC23F60}"
EndProject
Project("{FAE04EC0-301F-11D3-BF4B-00C04F79EFBC}") = "Sweety", "Sweety\Sweety\Sweety.csproj", "{EA9FB445-96FE-4153-ACFB-822606F40D16}"
EndProject
Global
	GlobalSection(SolutionConfigurationPlatforms) = preSolution
		Debug|Any CPU = Debug|Any CPU
		Debug|ARM = Debug|ARM
		Debug|iPhone = Debug|iPhone
		Debug|iPhoneSimulator = Debug|iPhoneSimulator
		Debug|x86 = Debug|x86
		Release|Any CPU = Release|Any CPU
		Release|ARM = Release|ARM
		Release|iPhone = Release|iPhone
		Release|iPhoneSimulator = Release|iPhoneSimulator
		Release|x86 = Release|x86
	EndGlobalSection
	GlobalSection(ProjectConfigurationPlatforms) = postSolution
		{623CBFF0-3706-4024-82D3-958B1F88363E}.Debug|Any CPU.ActiveCfg = Debug|Any CPU
		{623CBFF0-3706-4024-82D3-958B1F88363E}.Debug|Any CPU.Build.0 = Debug|Any CPU
		{623CBFF0-3706-4024-82D3-958B1F88363E}.Debug|Any CPU.Deploy.0 = Debug|Any CPU
		{623CBFF0-3706-4024-82D3-958B1F88363E}.Debug|ARM.ActiveCfg = Debug|Any CPU
		{623CBFF0-3706-4024-82D3-958B1F88363E}.Debug|ARM.Build.0 = Debug|Any CPU
		{623CBFF0-3706-4024-82D3-958B1F88363E}.Debug|ARM.Deploy.0 = Debug|Any CPU
		{623CBFF0-3706-4024-82D3-958B1F88363E}.Debug|iPhone.ActiveCfg = Debug|Any CPU
		{623CBFF0-3706-4024-82D3-958B1F88363E}.Debug|iPhone.Build.0 = Debug|Any CPU
		{623CBFF0-3706-4024-82D3-958B1F88363E}.Debug|iPhone.Deploy.0 = Debug|Any CPU
		{623CBFF0-3706-4024-82D3-958B1F88363E}.Debug|iPhoneSimulator.ActiveCfg = Debug|Any CPU
		{623CBFF0-3706-4024-82D3-958B1F88363E}.Debug|iPhoneSimulator.Build.0 = Debug|Any CPU
		{623CBFF0-3706-4024-82D3-958B1F88363E}.Debug|iPhoneSimulator.Deploy.0 = Debug|Any CPU
		{623CBFF0-3706-4024-82D3-958B1F88363E}.Debug|x86.ActiveCfg = Debug|Any CPU
		{623CBFF0-3706-4024-82D3-958B1F88363E}.Debug|x86.Build.0 = Debug|Any CPU
		{623CBFF0-3706-4024-82D3-958B1F88363E}.Debug|x86.Deploy.0 = Debug|Any CPU
		{623CBFF0-3706-4024-82D3-958B1F88363E}.Release|Any CPU.ActiveCfg = Release|Any CPU
		{623CBFF0-3706-4024-82D3-958B1F88363E}.Release|Any CPU.Build.0 = Release|Any CPU
		{623CBFF0-3706-4024-82D3-958B1F88363E}.Release|Any CPU.Deploy.0 = Release|Any CPU
		{623CBFF0-3706-4024-82D3-958B1F88363E}.Release|ARM.ActiveCfg = Release|Any CPU
		{623CBFF0-3706-4024-82D3-958B1F88363E}.Release|ARM.Build.0 = Release|Any CPU
		{623CBFF0-3706-4024-82D3-958B1F88363E}.Release|ARM.Deploy.0 = Release|Any CPU
		{623CBFF0-3706-4024-82D3-958B1F88363E}.Release|iPhone.ActiveCfg = Release|Any CPU
		{623CBFF0-3706-4024-82D3-958B1F88363E}.Release|iPhone.Build.0 = Release|Any CPU
		{623CBFF0-3706-4024-82D3-958B1F88363E}.Release|iPhone.Deploy.0 = Release|Any CPU
		{623CBFF0-3706-4024-82D3-958B1F88363E}.Release|iPhoneSimulator.ActiveCfg = Release|Any CPU
		{623CBFF0-3706-4024-82D3-958B1F88363E}.Release|iPhoneSimulator.Build.0 = Release|Any CPU
		{623CBFF0-3706-4024-82D3-958B1F88363E}.Release|iPhoneSimulator.Deploy.0 = Release|Any CPU
		{623CBFF0-3706-4024-82D3-958B1F88363E}.Release|x86.ActiveCfg = Release|Any CPU
		{623CBFF0-3706-4024-82D3-958B1F88363E}.Release|x86.Build.0 = Release|Any CPU
		{623CBFF0-3706-4024-82D3-958B1F88363E}.Release|x86.Deploy.0 = Release|Any CPU
		{4BD7F863-E30E-415D-8FAF-FFA75AC23F60}.Debug|Any CPU.ActiveCfg = Debug|iPhone
		{4BD7F863-E30E-415D-8FAF-FFA75AC23F60}.Debug|ARM.ActiveCfg = Debug|iPhone
		{4BD7F863-E30E-415D-8FAF-FFA75AC23F60}.Debug|iPhone.ActiveCfg = Debug|iPhone
		{4BD7F863-E30E-415D-8FAF-FFA75AC23F60}.Debug|iPhone.Build.0 = Debug|iPhone
		{4BD7F863-E30E-415D-8FAF-FFA75AC23F60}.Debug|iPhoneSimulator.ActiveCfg = Debug|iPhoneSimulator
		{4BD7F863-E30E-415D-8FAF-FFA75AC23F60}.Debug|iPhoneSimulator.Build.0 = Debug|iPhoneSimulator
		{4BD7F863-E30E-415D-8FAF-FFA75AC23F60}.Debug|x86.ActiveCfg = Debug|iPhone
		{4BD7F863-E30E-415D-8FAF-FFA75AC23F60}.Release|Any CPU.ActiveCfg = Release|iPhone
		{4BD7F863-E30E-415D-8FAF-FFA75AC23F60}.Release|ARM.ActiveCfg = Release|iPhone
		{4BD7F863-E30E-415D-8FAF-FFA75AC23F60}.Release|iPhone.ActiveCfg = Release|iPhone
		{4BD7F863-E30E-415D-8FAF-FFA75AC23F60}.Release|iPhone.Build.0 = Release|iPhone
		{4BD7F863-E30E-415D-8FAF-FFA75AC23F60}.Release|iPhoneSimulator.ActiveCfg = Release|iPhoneSimulator
		{4BD7F863-E30E-415D-8FAF-FFA75AC23F60}.Release|iPhoneSimulator.Build.0 = Release|iPhoneSimulator
		{4BD7F863-E30E-415D-8FAF-FFA75AC23F60}.Release|x86.ActiveCfg = Release|iPhone
		{EA9FB445-96FE-4153-ACFB-822606F40D16}.Debug|Any CPU.ActiveCfg = Debug|Any CPU
		{EA9FB445-96FE-4153-ACFB-822606F40D16}.Debug|Any CPU.Build.0 = Debug|Any CPU
		{EA9FB445-96FE-4153-ACFB-822606F40D16}.Debug|ARM.ActiveCfg = Debug|Any CPU
		{EA9FB445-96FE-4153-ACFB-822606F40D16}.Debug|ARM.Build.0 = Debug|Any CPU
		{EA9FB445-96FE-4153-ACFB-822606F40D16}.Debug|iPhone.ActiveCfg = Debug|Any CPU
		{EA9FB445-96FE-4153-ACFB-822606F40D16}.Debug|iPhone.Build.0 = Debug|Any CPU
		{EA9FB445-96FE-4153-ACFB-822606F40D16}.Debug|iPhoneSimulator.ActiveCfg = Debug|Any CPU
		{EA9FB445-96FE-4153-ACFB-822606F40D16}.Debug|iPhoneSimulator.Build.0 = Debug|Any CPU
		{EA9FB445-96FE-4153-ACFB-822606F40D16}.Debug|x86.ActiveCfg = Debug|Any CPU
		{EA9FB445-96FE-4153-ACFB-822606F40D16}.Debug|x86.Build.0 = Debug|Any CPU
		{EA9FB445-96FE-4153-ACFB-822606F40D16}.Release|Any CPU.ActiveCfg = Release|Any CPU
		{EA9FB445-96FE-4153-ACFB-822606F40D16}.Release|Any CPU.Build.0 = Release|Any CPU
		{EA9FB445-96FE-4153-ACFB-822606F40D16}.Release|ARM.ActiveCfg = Release|Any CPU
		{EA9FB445-96FE-4153-ACFB-822606F40D16}.Release|ARM.Build.0 = Release|Any CPU
		{EA9FB445-96FE-4153-ACFB-822606F40D16}.Release|iPhone.ActiveCfg = Release|Any CPU
		{EA9FB445-96FE-4153-ACFB-822606F40D16}.Release|iPhone.Build.0 = Release|Any CPU
		{EA9FB445-96FE-4153-ACFB-822606F40D16}.Release|iPhoneSimulator.ActiveCfg = Release|Any CPU
		{EA9FB445-96FE-4153-ACFB-822606F40D16}.Release|iPhoneSimulator.Build.0 = Release|Any CPU
		{EA9FB445-96FE-4153-ACFB-822606F40D16}.Release|x86.ActiveCfg = Release|Any CPU
		{EA9FB445-96FE-4153-ACFB-822606F40D16}.Release|x86.Build.0 = Release|Any CPU
	EndGlobalSection
	GlobalSection(SolutionProperties) = preSolution
		HideSolutionNode = FALSE
	EndGlobalSection
EndGlobal
